// !$*UTF8*$!
{
	archiveVersion = 1;
	classes = {
	};
	objectVersion = 46;
	objects = {

/* Begin PBXBuildFile section */
		62CE5CEC1EE5021900354BAC /* AppDelegate.swift in Sources */ = {isa = PBXBuildFile; fileRef = 62CE5CEB1EE5021900354BAC /* AppDelegate.swift */; };
		62CE5CEE1EE5021900354BAC /* ViewController.swift in Sources */ = {isa = PBXBuildFile; fileRef = 62CE5CED1EE5021900354BAC /* ViewController.swift */; };
		62CE5CF11EE5021900354BAC /* Main.storyboard in Resources */ = {isa = PBXBuildFile; fileRef = 62CE5CEF1EE5021900354BAC /* Main.storyboard */; };
		62CE5CF31EE5021900354BAC /* Assets.xcassets in Resources */ = {isa = PBXBuildFile; fileRef = 62CE5CF21EE5021900354BAC /* Assets.xcassets */; };
		62CE5CF61EE5021900354BAC /* LaunchScreen.storyboard in Resources */ = {isa = PBXBuildFile; fileRef = 62CE5CF41EE5021900354BAC /* LaunchScreen.storyboard */; };
		62CE5CFE1EE504A300354BAC /* AlgoList.json in Resources */ = {isa = PBXBuildFile; fileRef = 62CE5CFD1EE504A300354BAC /* AlgoList.json */; };
		62D997F61EEA48AF00EBFA58 /* AlgorithmFactory.swift in Sources */ = {isa = PBXBuildFile; fileRef = 62D997F51EEA48AF00EBFA58 /* AlgorithmFactory.swift */; };
/* End PBXBuildFile section */

/* Begin PBXFileReference section */
		62CE5CE81EE5021900354BAC /* Algorithms.app */ = {isa = PBXFileReference; explicitFileType = wrapper.application; includeInIndex = 0; path = Algorithms.app; sourceTree = BUILT_PRODUCTS_DIR; };
		62CE5CEB1EE5021900354BAC /* AppDelegate.swift */ = {isa = PBXFileReference; lastKnownFileType = sourcecode.swift; path = AppDelegate.swift; sourceTree = "<group>"; };
		62CE5CED1EE5021900354BAC /* ViewController.swift */ = {isa = PBXFileReference; lastKnownFileType = sourcecode.swift; path = ViewController.swift; sourceTree = "<group>"; };
		62CE5CF01EE5021900354BAC /* Base */ = {isa = PBXFileReference; lastKnownFileType = file.storyboard; name = Base; path = Base.lproj/Main.storyboard; sourceTree = "<group>"; };
		62CE5CF21EE5021900354BAC /* Assets.xcassets */ = {isa = PBXFileReference; lastKnownFileType = folder.assetcatalog; path = Assets.xcassets; sourceTree = "<group>"; };
		62CE5CF51EE5021900354BAC /* Base */ = {isa = PBXFileReference; lastKnownFileType = file.storyboard; name = Base; path = Base.lproj/LaunchScreen.storyboard; sourceTree = "<group>"; };
		62CE5CF71EE5021900354BAC /* Info.plist */ = {isa = PBXFileReference; lastKnownFileType = text.plist.xml; path = Info.plist; sourceTree = "<group>"; };
		62CE5CFD1EE504A300354BAC /* AlgoList.json */ = {isa = PBXFileReference; fileEncoding = 4; lastKnownFileType = text.json; path = AlgoList.json; sourceTree = "<group>"; };
		62D997F51EEA48AF00EBFA58 /* AlgorithmFactory.swift */ = {isa = PBXFileReference; fileEncoding = 4; lastKnownFileType = sourcecode.swift; path = AlgorithmFactory.swift; sourceTree = "<group>"; };
/* End PBXFileReference section */

/* Begin PBXFrameworksBuildPhase section */
		62CE5CE51EE5021900354BAC /* Frameworks */ = {
			isa = PBXFrameworksBuildPhase;
			buildActionMask = 2147483647;
			files = (
			);
			runOnlyForDeploymentPostprocessing = 0;
		};
/* End PBXFrameworksBuildPhase section */

/* Begin PBXGroup section */
		62CE5CDF1EE5021900354BAC = {
			isa = PBXGroup;
			children = (
				62CE5CEA1EE5021900354BAC /* Algorithms */,
				62CE5CE91EE5021900354BAC /* Products */,
			);
			sourceTree = "<group>";
		};
		62CE5CE91EE5021900354BAC /* Products */ = {
			isa = PBXGroup;
			children = (
				62CE5CE81EE5021900354BAC /* Algorithms.app */,
			);
			name = Products;
			sourceTree = "<group>";
		};
		62CE5CEA1EE5021900354BAC /* Algorithms */ = {
			isa = PBXGroup;
			children = (
				62CE5CEB1EE5021900354BAC /* AppDelegate.swift */,
				62CE5CED1EE5021900354BAC /* ViewController.swift */,
				62D997F51EEA48AF00EBFA58 /* AlgorithmFactory.swift */,
				62CE5CEF1EE5021900354BAC /* Main.storyboard */,
				62CE5CF21EE5021900354BAC /* Assets.xcassets */,
				62CE5CF41EE5021900354BAC /* LaunchScreen.storyboard */,
				62CE5CFD1EE504A300354BAC /* AlgoList.json */,
				62CE5CF71EE5021900354BAC /* Info.plist */,
			);
			path = Algorithms;
			sourceTree = "<group>";
		};
/* End PBXGroup section */

/* Begin PBXNativeTarget section */
		62CE5CE71EE5021900354BAC /* Algorithms */ = {
			isa = PBXNativeTarget;
			buildConfigurationList = 62CE5CFA1EE5021900354BAC /* Build configuration list for PBXNativeTarget "Algorithms" */;
			buildPhases = (
				62CE5CE41EE5021900354BAC /* Sources */,
				62CE5CE51EE5021900354BAC /* Frameworks */,
				62CE5CE61EE5021900354BAC /* Resources */,
			);
			buildRules = (
			);
			dependencies = (
			);
			name = Algorithms;
			productName = Algorithms;
			productReference = 62CE5CE81EE5021900354BAC /* Algorithms.app */;
			productType = "com.apple.product-type.application";
		};
/* End PBXNativeTarget section */

/* Begin PBXProject section */
		62CE5CE01EE5021900354BAC /* Project object */ = {
			isa = PBXProject;
			attributes = {
				LastSwiftUpdateCheck = 0830;
				LastUpgradeCheck = 0830;
				ORGANIZATIONNAME = Ngyn;
				TargetAttributes = {
					62CE5CE71EE5021900354BAC = {
						CreatedOnToolsVersion = 8.3.2;
						DevelopmentTeam = PY4FJM9VQA;
						ProvisioningStyle = Automatic;
					};
				};
			};
			buildConfigurationList = 62CE5CE31EE5021900354BAC /* Build configuration list for PBXProject "Algorithms" */;
			compatibilityVersion = "Xcode 3.2";
			developmentRegion = English;
			hasScannedForEncodings = 0;
			knownRegions = (
				en,
				Base,
			);
			mainGroup = 62CE5CDF1EE5021900354BAC;
			productRefGroup = 62CE5CE91EE5021900354BAC /* Products */;
			projectDirPath = "";
			projectRoot = "";
			targets = (
				62CE5CE71EE5021900354BAC /* Algorithms */,
			);
		};
/* End PBXProject section */

/* Begin PBXResourcesBuildPhase section */
		62CE5CE61EE5021900354BAC /* Resources */ = {
			isa = PBXResourcesBuildPhase;
			buildActionMask = 2147483647;
			files = (
				62CE5CFE1EE504A300354BAC /* AlgoList.json in Resources */,
				62CE5CF61EE5021900354BAC /* LaunchScreen.storyboard in Resources */,
				62CE5CF31EE5021900354BAC /* Assets.xcassets in Resources */,
				62CE5CF11EE5021900354BAC /* Main.storyboard in Resources */,
			);
			runOnlyForDeploymentPostprocessing = 0;
		};
/* End PBXResourcesBuildPhase section */

/* Begin PBXSourcesBuildPhase section */
		62CE5CE41EE5021900354BAC /* Sources */ = {
			isa = PBXSourcesBuildPhase;
			buildActionMask = 2147483647;
			files = (
				62D997F61EEA48AF00EBFA58 /* AlgorithmFactory.swift in Sources */,
				62CE5CEE1EE5021900354BAC /* ViewController.swift in Sources */,
				62CE5CEC1EE5021900354BAC /* AppDelegate.swift in Sources */,
			);
			runOnlyForDeploymentPostprocessing = 0;
		};
/* End PBXSourcesBuildPhase section */

/* Begin PBXVariantGroup section */
		62CE5CEF1EE5021900354BAC /* Main.storyboard */ = {
			isa = PBXVariantGroup;
			children = (
				62CE5CF01EE5021900354BAC /* Base */,
			);
			name = Main.storyboard;
			sourceTree = "<group>";
		};
		62CE5CF41EE5021900354BAC /* LaunchScreen.storyboard */ = {
			isa = PBXVariantGroup;
			children = (
				62CE5CF51EE5021900354BAC /* Base */,
			);
			name = LaunchScreen.storyboard;
			sourceTree = "<group>";
		};
/* End PBXVariantGroup section */

/* Begin XCBuildConfiguration section */
		62CE5CF81EE5021900354BAC /* Debug */ = {
			isa = XCBuildConfiguration;
			buildSettings = {
				ALWAYS_SEARCH_USER_PATHS = NO;
				CLANG_ANALYZER_NONNULL = YES;
				CLANG_ANALYZER_NUMBER_OBJECT_CONVERSION = YES_AGGRESSIVE;
				CLANG_CXX_LANGUAGE_STANDARD = "gnu++0x";
				CLANG_CXX_LIBRARY = "libc++";
				CLANG_ENABLE_MODULES = YES;
				CLANG_ENABLE_OBJC_ARC = YES;
				CLANG_WARN_BOOL_CONVERSION = YES;
				CLANG_WARN_CONSTANT_CONVERSION = YES;
				CLANG_WARN_DIRECT_OBJC_ISA_USAGE = YES_ERROR;
				CLANG_WARN_DOCUMENTATION_COMMENTS = YES;
				CLANG_WARN_EMPTY_BODY = YES;
				CLANG_WARN_ENUM_CONVERSION = YES;
				CLANG_WARN_INFINITE_RECURSION = YES;
				CLANG_WARN_INT_CONVERSION = YES;
				CLANG_WARN_OBJC_ROOT_CLASS = YES_ERROR;
				CLANG_WARN_SUSPICIOUS_MOVE = YES;
				CLANG_WARN_UNREACHABLE_CODE = YES;
				CLANG_WARN__DUPLICATE_METHOD_MATCH = YES;
				"CODE_SIGN_IDENTITY[sdk=iphoneos*]" = "iPhone Developer";
				COPY_PHASE_STRIP = NO;
				DEBUG_INFORMATION_FORMAT = dwarf;
				ENABLE_STRICT_OBJC_MSGSEND = YES;
				ENABLE_TESTABILITY = YES;
				GCC_C_LANGUAGE_STANDARD = gnu99;
				GCC_DYNAMIC_NO_PIC = NO;
				GCC_NO_COMMON_BLOCKS = YES;
				GCC_OPTIMIZATION_LEVEL = 0;
				GCC_PREPROCESSOR_DEFINITIONS = (
					"DEBUG=1",
					"$(inherited)",
				);
				GCC_WARN_64_TO_32_BIT_CONVERSION = YES;
				GCC_WARN_ABOUT_RETURN_TYPE = YES_ERROR;
				GCC_WARN_UNDECLARED_SELECTOR = YES;
				GCC_WARN_UNINITIALIZED_AUTOS = YES_AGGRESSIVE;
				GCC_WARN_UNUSED_FUNCTION = YES;
				GCC_WARN_UNUSED_VARIABLE = YES;
				IPHONEOS_DEPLOYMENT_TARGET = 10.3;
				MTL_ENABLE_DEBUG_INFO = YES;
				ONLY_ACTIVE_ARCH = YES;
				SDKROOT = iphoneos;
				SWIFT_ACTIVE_COMPILATION_CONDITIONS = DEBUG;
				SWIFT_OPTIMIZATION_LEVEL = "-Onone";
				TARGETED_DEVICE_FAMILY = "1,2";
			};
			name = Debug;
		};
		62CE5CF91EE5021900354BAC /* Release */ = {
			isa = XCBuildConfiguration;
			buildSettings = {
				ALWAYS_SEARCH_USER_PATHS = NO;
				CLANG_ANALYZER_NONNULL = YES;
				CLANG_ANALYZER_NUMBER_OBJECT_CONVERSION = YES_AGGRESSIVE;
				CLANG_CXX_LANGUAGE_STANDARD = "gnu++0x";
				CLANG_CXX_LIBRARY = "libc++";
				CLANG_ENABLE_MODULES = YES;
				CLANG_ENABLE_OBJC_ARC = YES;
				CLANG_WARN_BOOL_CONVERSION = YES;
				CLANG_WARN_CONSTANT_CONVERSION = YES;
				CLANG_WARN_DIRECT_OBJC_ISA_USAGE = YES_ERROR;
				CLANG_WARN_DOCUMENTATION_COMMENTS = YES;
				CLANG_WARN_EMPTY_BODY = YES;
				CLANG_WARN_ENUM_CONVERSION = YES;
				CLANG_WARN_INFINITE_RECURSION = YES;
				CLANG_WARN_INT_CONVERSION = YES;
				CLANG_WARN_OBJC_ROOT_CLASS = YES_ERROR;
				CLANG_WARN_SUSPICIOUS_MOVE = YES;
				CLANG_WARN_UNREACHABLE_CODE = YES;
				CLANG_WARN__DUPLICATE_METHOD_MATCH = YES;
				"CODE_SIGN_IDENTITY[sdk=iphoneos*]" = "iPhone Developer";
				COPY_PHASE_STRIP = NO;
				DEBUG_INFORMATION_FORMAT = "dwarf-with-dsym";
				ENABLE_NS_ASSERTIONS = NO;
				ENABLE_STRICT_OBJC_MSGSEND = YES;
				GCC_C_LANGUAGE_STANDARD = gnu99;
				GCC_NO_COMMON_BLOCKS = YES;
				GCC_WARN_64_TO_32_BIT_CONVERSION = YES;
				GCC_WARN_ABOUT_RETURN_TYPE = YES_ERROR;
				GCC_WARN_UNDECLARED_SELECTOR = YES;
				GCC_WARN_UNINITIALIZED_AUTOS = YES_AGGRESSIVE;
				GCC_WARN_UNUSED_FUNCTION = YES;
				GCC_WARN_UNUSED_VARIABLE = YES;
				IPHONEOS_DEPLOYMENT_TARGET = 10.3;
				MTL_ENABLE_DEBUG_INFO = NO;
				SDKROOT = iphoneos;
				SWIFT_OPTIMIZATION_LEVEL = "-Owholemodule";
				TARGETED_DEVICE_FAMILY = "1,2";
				VALIDATE_PRODUCT = YES;
			};
			name = Release;
		};
		62CE5CFB1EE5021900354BAC /* Debug */ = {
			isa = XCBuildConfiguration;
			buildSettings = {
				ASSETCATALOG_COMPILER_APPICON_NAME = AppIcon;
				DEVELOPMENT_TEAM = PY4FJM9VQA;
				INFOPLIST_FILE = Algorithms/Info.plist;
				LD_RUNPATH_SEARCH_PATHS = "$(inherited) @executable_path/Frameworks";
				PRODUCT_BUNDLE_IDENTIFIER = com.pp.Algorithms;
				PRODUCT_NAME = "$(TARGET_NAME)";
				SWIFT_VERSION = 3.0;
			};
			name = Debug;
		};
		62CE5CFC1EE5021900354BAC /* Release */ = {
			isa = XCBuildConfiguration;
			buildSettings = {
				ASSETCATALOG_COMPILER_APPICON_NAME = AppIcon;
				DEVELOPMENT_TEAM = PY4FJM9VQA;
				INFOPLIST_FILE = Algorithms/Info.plist;
				LD_RUNPATH_SEARCH_PATHS = "$(inherited) @executable_path/Frameworks";
				PRODUCT_BUNDLE_IDENTIFIER = com.pp.Algorithms;
				PRODUCT_NAME = "$(TARGET_NAME)";
				SWIFT_VERSION = 3.0;
			};
			name = Release;
		};
/* End XCBuildConfiguration section */

/* Begin XCConfigurationList section */
		62CE5CE31EE5021900354BAC /* Build configuration list for PBXProject "Algorithms" */ = {
			isa = XCConfigurationList;
			buildConfigurations = (
				62CE5CF81EE5021900354BAC /* Debug */,
				62CE5CF91EE5021900354BAC /* Release */,
			);
			defaultConfigurationIsVisible = 0;
			defaultConfigurationName = Release;
		};
		62CE5CFA1EE5021900354BAC /* Build configuration list for PBXNativeTarget "Algorithms" */ = {
			isa = XCConfigurationList;
			buildConfigurations = (
				62CE5CFB1EE5021900354BAC /* Debug */,
				62CE5CFC1EE5021900354BAC /* Release */,
			);
			defaultConfigurationIsVisible = 0;
			defaultConfigurationName = Release;
		};
/* End XCConfigurationList section */
	};
	rootObject = 62CE5CE01EE5021900354BAC /* Project object */;
}
